{
  "name": "lab01-dashboard",
  "version": "1.0.0",
  "lockfileVersion": 3,
  "requires": true,
  "packages": {
    "": {
      "name": "lab01-dashboard",
      "version": "1.0.0",
      "dependencies": {
        "hyparquet": "^1.29.1"
      }
    },
    "node_modules/hyparquet": {
      "version": "1.29.1",
      "resolved": "https://registry.npmjs.org/hyparquet/-/hyparquet-1.29.1.tgz",
      "integrity": "sha512-Wa57A2KxGFtRTeDTJp4pT0TaqN8btb7/XTrMs17iM+xJxsbBxRyzaGaRRPQ4lOPbmso/qohDafJD7b+cFMZq8A==",
      "license": "MIT"
    }
  }
}
